
Microsoft Visual Studio Solution File, Format Version 12.00
# Visual Studio Version 16
VisualStudioVersion = 16.0.34931.43
MinimumVisualStudioVersion = 10.0.40219.1
Project("{FAE04EC0-301F-11D3-BF4B-00C04F79EFBC}") = "ProyectoHotelFE", "ProyectoHotelFE\ProyectoHotelFE.csproj", "{CE0C91D0-28E6-407D-8F2D-88ECFA107E2B}"
EndProject
Global
	GlobalSection(SolutionConfigurationPlatforms) = preSolution
		Debug|Any CPU = Debug|Any CPU
		Release|Any CPU = Release|Any CPU
	EndGlobalSection
	GlobalSection(ProjectConfigurationPlatforms) = postSolution
		{CE0C91D0-28E6-407D-8F2D-88ECFA107E2B}.Debug|Any CPU.ActiveCfg = Debug|Any CPU
		{CE0C91D0-28E6-407D-8F2D-88ECFA107E2B}.Debug|Any CPU.Build.0 = Debug|Any CPU
		{CE0C91D0-28E6-407D-8F2D-88ECFA107E2B}.Release|Any CPU.ActiveCfg = Release|Any CPU
		{CE0C91D0-28E6-407D-8F2D-88ECFA107E2B}.Release|Any CPU.Build.0 = Release|Any CPU
	EndGlobalSection
	GlobalSection(SolutionProperties) = preSolution
		HideSolutionNode = FALSE
	EndGlobalSection
	GlobalSection(ExtensibilityGlobals) = postSolution
		SolutionGuid = {8DF29F87-E2B1-4C27-90D3-C15FDEC34FAE}
	EndGlobalSection
EndGlobal
